
Microsoft Visual Studio Solution File, Format Version 12.00
Project("{FAE04EC0-301F-11D3-BF4B-00C04F79EFBC}") = "SetMatrixZeroes", "SetMatrixZeroes\SetMatrixZeroes.csproj", "{7FF9177E-0C62-4DCD-927C-0A18007AA937}"
EndProject
Global
	GlobalSection(SolutionConfigurationPlatforms) = preSolution
		Debug|Any CPU = Debug|Any CPU
		Release|Any CPU = Release|Any CPU
	EndGlobalSection
	GlobalSection(ProjectConfigurationPlatforms) = postSolution
		{7FF9177E-0C62-4DCD-927C-0A18007AA937}.Debug|Any CPU.ActiveCfg = Debug|Any CPU
		{7FF9177E-0C62-4DCD-927C-0A18007AA937}.Debug|Any CPU.Build.0 = Debug|Any CPU
		{7FF9177E-0C62-4DCD-927C-0A18007AA937}.Release|Any CPU.ActiveCfg = Release|Any CPU
		{7FF9177E-0C62-4DCD-927C-0A18007AA937}.Release|Any CPU.Build.0 = Release|Any CPU
	EndGlobalSection
EndGlobal
