
Microsoft Visual Studio Solution File, Format Version 12.00
# Visual Studio Version 17
VisualStudioVersion = 17.1.32421.90
MinimumVisualStudioVersion = 10.0.40219.1
Project("{FAE04EC0-301F-11D3-BF4B-00C04F79EFBC}") = "Unique Paths", "Unique Paths\Unique Paths.csproj", "{2E875C19-BB02-4C9D-AC30-543DA69A3CA5}"
EndProject
Global
	GlobalSection(SolutionConfigurationPlatforms) = preSolution
		Debug|Any CPU = Debug|Any CPU
		Release|Any CPU = Release|Any CPU
	EndGlobalSection
	GlobalSection(ProjectConfigurationPlatforms) = postSolution
		{2E875C19-BB02-4C9D-AC30-543DA69A3CA5}.Debug|Any CPU.ActiveCfg = Debug|Any CPU
		{2E875C19-BB02-4C9D-AC30-543DA69A3CA5}.Debug|Any CPU.Build.0 = Debug|Any CPU
		{2E875C19-BB02-4C9D-AC30-543DA69A3CA5}.Release|Any CPU.ActiveCfg = Release|Any CPU
		{2E875C19-BB02-4C9D-AC30-543DA69A3CA5}.Release|Any CPU.Build.0 = Release|Any CPU
	EndGlobalSection
	GlobalSection(SolutionProperties) = preSolution
		HideSolutionNode = FALSE
	EndGlobalSection
	GlobalSection(ExtensibilityGlobals) = postSolution
		SolutionGuid = {22F5D773-45F2-4A7B-A6AC-35B30D44F26C}
	EndGlobalSection
EndGlobal
